{
  "requires": true,
  "lockfileVersion": 1,
  "dependencies": {
    "angular-file-saver": {
      "version": "1.1.3",
      "resolved": "https://registry.npmjs.org/angular-file-saver/-/angular-file-saver-1.1.3.tgz",
      "integrity": "sha512-os4MAO7oE/d00JQtHnNyX82MtXp+I3v0GgoWZeQf79oP41GJlMfeSguIiH02HYYD+2456HuluXIcelt4kJKL8g==",
      "requires": {
        "blob-tmp": "^1.0.0",
        "file-saver": "^1.3.3"
      }
    },
    "blob-tmp": {
      "version": "1.0.0",
      "resolved": "https://registry.npmjs.org/blob-tmp/-/blob-tmp-1.0.0.tgz",
      "integrity": "sha512-RTImmCaQkiW07iT+n82zNo5OF/QsAx2hDlzdwgtDyI7VQPF2gQK/aGyEBNyUdtFyNNOsYNSm7LI0n5wctG6QUA=="
    },
    "file-saver": {
      "version": "1.3.8",
      "resolved": "https://registry.npmjs.org/file-saver/-/file-saver-1.3.8.tgz",
      "integrity": "sha512-spKHSBQIxxS81N/O21WmuXA2F6wppUCsutpzenOeZzOCCJ5gEfcbqJP983IrpLXzYmXnMUa6J03SubcNPdKrlg=="
    },
    "moment": {
      "version": "2.29.4",
      "resolved": "https://registry.npmjs.org/moment/-/moment-2.29.4.tgz",
      "integrity": "sha512-5LC9SOxjSc2HF6vO2CyuTDNivEdoz2IvyJJGj6X8DJ0eFyfszE0QiEd+iXmBvUP3WHxSjFH/vIsA0EN00cgr8w=="
    }
  }
}
