{
  "requires": true,
  "lockfileVersion": 1,
  "dependencies": {
    "@cloudinary/transformation-builder-sdk": {
      "version": "1.2.7",
      "resolved": "https://registry.npmjs.org/@cloudinary/transformation-builder-sdk/-/transformation-builder-sdk-1.2.7.tgz",
      "integrity": "sha512-Q1fhw37BXXmN6/BCxdnw3OUJ6aAy/zpDWH5t+xIwmG5GtYUYMZqOjvdOkOhWBmus9ptq9znuGsYn8h5vtSjT+w==",
      "requires": {
        "@cloudinary/url-gen": "^1.7.0"
      }
    },
    "@cloudinary/url-gen": {
      "version": "1.9.2",
      "resolved": "https://registry.npmjs.org/@cloudinary/url-gen/-/url-gen-1.9.2.tgz",
      "integrity": "sha512-LFL79Galcj8WZaXW6QOOt5LQVkioQdH7DR7blYcU9Zi0ae1y0L4Ujmr69RsUNshCNy/EdVAg0aVG/jjqKDnJsg==",
      "requires": {
        "@cloudinary/transformation-builder-sdk": "^1.2.7"
      }
    },
    "angular-file-saver": {
      "version": "1.1.3",
      "resolved": "https://registry.npmjs.org/angular-file-saver/-/angular-file-saver-1.1.3.tgz",
      "integrity": "sha512-os4MAO7oE/d00JQtHnNyX82MtXp+I3v0GgoWZeQf79oP41GJlMfeSguIiH02HYYD+2456HuluXIcelt4kJKL8g==",
      "requires": {
        "blob-tmp": "^1.0.0",
        "file-saver": "^1.3.3"
      }
    },
    "blob-tmp": {
      "version": "1.0.0",
      "resolved": "https://registry.npmjs.org/blob-tmp/-/blob-tmp-1.0.0.tgz",
      "integrity": "sha512-RTImmCaQkiW07iT+n82zNo5OF/QsAx2hDlzdwgtDyI7VQPF2gQK/aGyEBNyUdtFyNNOsYNSm7LI0n5wctG6QUA=="
    },
    "file-saver": {
      "version": "1.3.8",
      "resolved": "https://registry.npmjs.org/file-saver/-/file-saver-1.3.8.tgz",
      "integrity": "sha512-spKHSBQIxxS81N/O21WmuXA2F6wppUCsutpzenOeZzOCCJ5gEfcbqJP983IrpLXzYmXnMUa6J03SubcNPdKrlg=="
    },
    "moment": {
      "version": "2.29.4",
      "resolved": "https://registry.npmjs.org/moment/-/moment-2.29.4.tgz",
      "integrity": "sha512-5LC9SOxjSc2HF6vO2CyuTDNivEdoz2IvyJJGj6X8DJ0eFyfszE0QiEd+iXmBvUP3WHxSjFH/vIsA0EN00cgr8w=="
    }
  }
}
